{
  "name": "hello",
  "version": "0.1.0",
  "lockfileVersion": 1,
  "requires": true,
  "dependencies": {
    "jsii": {
      "version": "file:../packages/jsii",
      "dev": true,
      "requires": {
        "case": "^1.6.2",
        "colors": "^1.4.0",
        "deep-equal": "^1.1.0",
        "fs-extra": "^8.1.0",
        "jsii-spec": "^0.19.0",
        "log4js": "^5.2.2",
        "semver": "^6.3.0",
        "sort-json": "^2.0.0",
        "spdx-license-list": "^6.1.0",
        "typescript": "~3.6.4",
        "yargs": "^14.2.0"
      }
    },
    "jsii-pacmak": {
      "version": "file:../packages/jsii-pacmak",
      "dev": true,
      "requires": {
        "clone": "^2.1.2",
        "codemaker": "^0.19.0",
        "commonmark": "^0.29.0",
        "escape-string-regexp": "^2.0.0",
        "fs-extra": "^8.1.0",
        "jsii-reflect": "^0.19.0",
        "jsii-sampiler": "^0.19.0",
        "jsii-spec": "^0.19.0",
        "spdx-license-list": "^6.1.0",
        "xmlbuilder": "^13.0.2",
        "yargs": "^14.2.0"
      }
    }
  }
}
